
Microsoft Visual Studio Solution File, Format Version 12.00
# Visual Studio Version 16
VisualStudioVersion = 16.0.32126.315
MinimumVisualStudioVersion = 10.0.40219.1
Project("{8BC9CEB8-8B4A-11D0-8D11-00A0C91BC942}") = "test_3_27", "test_3_27\test_3_27.vcxproj", "{B11C0ACE-DE5A-4D39-BB72-2C45F0F3BCAF}"
EndProject
Global
	GlobalSection(SolutionConfigurationPlatforms) = preSolution
		Debug|x64 = Debug|x64
		Debug|x86 = Debug|x86
		Release|x64 = Release|x64
		Release|x86 = Release|x86
	EndGlobalSection
	GlobalSection(ProjectConfigurationPlatforms) = postSolution
		{B11C0ACE-DE5A-4D39-BB72-2C45F0F3BCAF}.Debug|x64.ActiveCfg = Debug|x64
		{B11C0ACE-DE5A-4D39-BB72-2C45F0F3BCAF}.Debug|x64.Build.0 = Debug|x64
		{B11C0ACE-DE5A-4D39-BB72-2C45F0F3BCAF}.Debug|x86.ActiveCfg = Debug|Win32
		{B11C0ACE-DE5A-4D39-BB72-2C45F0F3BCAF}.Debug|x86.Build.0 = Debug|Win32
		{B11C0ACE-DE5A-4D39-BB72-2C45F0F3BCAF}.Release|x64.ActiveCfg = Release|x64
		{B11C0ACE-DE5A-4D39-BB72-2C45F0F3BCAF}.Release|x64.Build.0 = Release|x64
		{B11C0ACE-DE5A-4D39-BB72-2C45F0F3BCAF}.Release|x86.ActiveCfg = Release|Win32
		{B11C0ACE-DE5A-4D39-BB72-2C45F0F3BCAF}.Release|x86.Build.0 = Release|Win32
	EndGlobalSection
	GlobalSection(SolutionProperties) = preSolution
		HideSolutionNode = FALSE
	EndGlobalSection
	GlobalSection(ExtensibilityGlobals) = postSolution
		SolutionGuid = {D61A9E14-3276-4E20-9649-907F0451A3FF}
	EndGlobalSection
EndGlobal
